// !$*UTF8*$!
{
	archiveVersion = 1;
	classes = {
	};
	objectVersion = 50;
	objects = {

/* Begin PBXBuildFile section */
		6636B20622D9C53600D721C7 /* AppDelegate.swift in Sources */ = {isa = PBXBuildFile; fileRef = 6636B20522D9C53600D721C7 /* AppDelegate.swift */; };
		6636B20822D9C53600D721C7 /* SplashScreenViewController.swift in Sources */ = {isa = PBXBuildFile; fileRef = 6636B20722D9C53600D721C7 /* SplashScreenViewController.swift */; };
		6636B20B22D9C53600D721C7 /* Main.storyboard in Resources */ = {isa = PBXBuildFile; fileRef = 6636B20922D9C53600D721C7 /* Main.storyboard */; };
		6636B20D22D9C53700D721C7 /* Assets.xcassets in Resources */ = {isa = PBXBuildFile; fileRef = 6636B20C22D9C53700D721C7 /* Assets.xcassets */; };
		6636B21022D9C53700D721C7 /* LaunchScreen.storyboard in Resources */ = {isa = PBXBuildFile; fileRef = 6636B20E22D9C53700D721C7 /* LaunchScreen.storyboard */; };
		6636B21B22D9C53700D721C7 /* SpanishToEnglishLanguageQuizTests.swift in Sources */ = {isa = PBXBuildFile; fileRef = 6636B21A22D9C53700D721C7 /* SpanishToEnglishLanguageQuizTests.swift */; };
		6636B22622D9C53700D721C7 /* SpanishToEnglishLanguageQuizUITests.swift in Sources */ = {isa = PBXBuildFile; fileRef = 6636B22522D9C53700D721C7 /* SpanishToEnglishLanguageQuizUITests.swift */; };
		6636B23922D9C5E800D721C7 /* TutorialViewController.swift in Sources */ = {isa = PBXBuildFile; fileRef = 6636B23822D9C5E800D721C7 /* TutorialViewController.swift */; };
		6636B23A22D9C5E800D721C7 /* TutorialViewController.swift in Sources */ = {isa = PBXBuildFile; fileRef = 6636B23822D9C5E800D721C7 /* TutorialViewController.swift */; };
		6636B23B22D9C5E800D721C7 /* TutorialViewController.swift in Sources */ = {isa = PBXBuildFile; fileRef = 6636B23822D9C5E800D721C7 /* TutorialViewController.swift */; };
		6636B23D22D9C62A00D721C7 /* QuizTypeSelectionViewController.swift in Sources */ = {isa = PBXBuildFile; fileRef = 6636B23C22D9C62A00D721C7 /* QuizTypeSelectionViewController.swift */; };
		6636B23E22D9C62A00D721C7 /* QuizTypeSelectionViewController.swift in Sources */ = {isa = PBXBuildFile; fileRef = 6636B23C22D9C62A00D721C7 /* QuizTypeSelectionViewController.swift */; };
		6636B23F22D9C62A00D721C7 /* QuizTypeSelectionViewController.swift in Sources */ = {isa = PBXBuildFile; fileRef = 6636B23C22D9C62A00D721C7 /* QuizTypeSelectionViewController.swift */; };
		6636B24122D9C64E00D721C7 /* GamePlayViewController.swift in Sources */ = {isa = PBXBuildFile; fileRef = 6636B24022D9C64E00D721C7 /* GamePlayViewController.swift */; };
		6636B24222D9C64E00D721C7 /* GamePlayViewController.swift in Sources */ = {isa = PBXBuildFile; fileRef = 6636B24022D9C64E00D721C7 /* GamePlayViewController.swift */; };
		6636B24322D9C64E00D721C7 /* GamePlayViewController.swift in Sources */ = {isa = PBXBuildFile; fileRef = 6636B24022D9C64E00D721C7 /* GamePlayViewController.swift */; };
		6636B24522D9C66300D721C7 /* ScoreScreenViewController.swift in Sources */ = {isa = PBXBuildFile; fileRef = 6636B24422D9C66300D721C7 /* ScoreScreenViewController.swift */; };
		6636B24622D9C66300D721C7 /* ScoreScreenViewController.swift in Sources */ = {isa = PBXBuildFile; fileRef = 6636B24422D9C66300D721C7 /* ScoreScreenViewController.swift */; };
		6636B24722D9C66300D721C7 /* ScoreScreenViewController.swift in Sources */ = {isa = PBXBuildFile; fileRef = 6636B24422D9C66300D721C7 /* ScoreScreenViewController.swift */; };
/* End PBXBuildFile section */

/* Begin PBXContainerItemProxy section */
		6636B21722D9C53700D721C7 /* PBXContainerItemProxy */ = {
			isa = PBXContainerItemProxy;
			containerPortal = 6636B1FA22D9C53600D721C7 /* Project object */;
			proxyType = 1;
			remoteGlobalIDString = 6636B20122D9C53600D721C7;
			remoteInfo = SpanishToEnglishLanguageQuiz;
		};
		6636B22222D9C53700D721C7 /* PBXContainerItemProxy */ = {
			isa = PBXContainerItemProxy;
			containerPortal = 6636B1FA22D9C53600D721C7 /* Project object */;
			proxyType = 1;
			remoteGlobalIDString = 6636B20122D9C53600D721C7;
			remoteInfo = SpanishToEnglishLanguageQuiz;
		};
/* End PBXContainerItemProxy section */

/* Begin PBXFileReference section */
		6636B20222D9C53600D721C7 /* SpanishToEnglishLanguageQuiz.app */ = {isa = PBXFileReference; explicitFileType = wrapper.application; includeInIndex = 0; path = SpanishToEnglishLanguageQuiz.app; sourceTree = BUILT_PRODUCTS_DIR; };
		6636B20522D9C53600D721C7 /* AppDelegate.swift */ = {isa = PBXFileReference; lastKnownFileType = sourcecode.swift; path = AppDelegate.swift; sourceTree = "<group>"; };
		6636B20722D9C53600D721C7 /* SplashScreenViewController.swift */ = {isa = PBXFileReference; lastKnownFileType = sourcecode.swift; path = SplashScreenViewController.swift; sourceTree = "<group>"; };
		6636B20A22D9C53600D721C7 /* Base */ = {isa = PBXFileReference; lastKnownFileType = file.storyboard; name = Base; path = Base.lproj/Main.storyboard; sourceTree = "<group>"; };
		6636B20C22D9C53700D721C7 /* Assets.xcassets */ = {isa = PBXFileReference; lastKnownFileType = folder.assetcatalog; path = Assets.xcassets; sourceTree = "<group>"; };
		6636B20F22D9C53700D721C7 /* Base */ = {isa = PBXFileReference; lastKnownFileType = file.storyboard; name = Base; path = Base.lproj/LaunchScreen.storyboard; sourceTree = "<group>"; };
		6636B21122D9C53700D721C7 /* Info.plist */ = {isa = PBXFileReference; lastKnownFileType = text.plist.xml; path = Info.plist; sourceTree = "<group>"; };
		6636B21622D9C53700D721C7 /* SpanishToEnglishLanguageQuizTests.xctest */ = {isa = PBXFileReference; explicitFileType = wrapper.cfbundle; includeInIndex = 0; path = SpanishToEnglishLanguageQuizTests.xctest; sourceTree = BUILT_PRODUCTS_DIR; };
		6636B21A22D9C53700D721C7 /* SpanishToEnglishLanguageQuizTests.swift */ = {isa = PBXFileReference; lastKnownFileType = sourcecode.swift; path = SpanishToEnglishLanguageQuizTests.swift; sourceTree = "<group>"; };
		6636B21C22D9C53700D721C7 /* Info.plist */ = {isa = PBXFileReference; lastKnownFileType = text.plist.xml; path = Info.plist; sourceTree = "<group>"; };
		6636B22122D9C53700D721C7 /* SpanishToEnglishLanguageQuizUITests.xctest */ = {isa = PBXFileReference; explicitFileType = wrapper.cfbundle; includeInIndex = 0; path = SpanishToEnglishLanguageQuizUITests.xctest; sourceTree = BUILT_PRODUCTS_DIR; };
		6636B22522D9C53700D721C7 /* SpanishToEnglishLanguageQuizUITests.swift */ = {isa = PBXFileReference; lastKnownFileType = sourcecode.swift; path = SpanishToEnglishLanguageQuizUITests.swift; sourceTree = "<group>"; };
		6636B22722D9C53700D721C7 /* Info.plist */ = {isa = PBXFileReference; lastKnownFileType = text.plist.xml; path = Info.plist; sourceTree = "<group>"; };
		6636B23822D9C5E800D721C7 /* TutorialViewController.swift */ = {isa = PBXFileReference; lastKnownFileType = sourcecode.swift; path = TutorialViewController.swift; sourceTree = "<group>"; };
		6636B23C22D9C62A00D721C7 /* QuizTypeSelectionViewController.swift */ = {isa = PBXFileReference; lastKnownFileType = sourcecode.swift; path = QuizTypeSelectionViewController.swift; sourceTree = "<group>"; };
		6636B24022D9C64E00D721C7 /* GamePlayViewController.swift */ = {isa = PBXFileReference; lastKnownFileType = sourcecode.swift; path = GamePlayViewController.swift; sourceTree = "<group>"; };
		6636B24422D9C66300D721C7 /* ScoreScreenViewController.swift */ = {isa = PBXFileReference; lastKnownFileType = sourcecode.swift; path = ScoreScreenViewController.swift; sourceTree = "<group>"; };
/* End PBXFileReference section */

/* Begin PBXFrameworksBuildPhase section */
		6636B1FF22D9C53600D721C7 /* Frameworks */ = {
			isa = PBXFrameworksBuildPhase;
			buildActionMask = 2147483647;
			files = (
			);
			runOnlyForDeploymentPostprocessing = 0;
		};
		6636B21322D9C53700D721C7 /* Frameworks */ = {
			isa = PBXFrameworksBuildPhase;
			buildActionMask = 2147483647;
			files = (
			);
			runOnlyForDeploymentPostprocessing = 0;
		};
		6636B21E22D9C53700D721C7 /* Frameworks */ = {
			isa = PBXFrameworksBuildPhase;
			buildActionMask = 2147483647;
			files = (
			);
			runOnlyForDeploymentPostprocessing = 0;
		};
/* End PBXFrameworksBuildPhase section */

/* Begin PBXGroup section */
		6636B1F922D9C53600D721C7 = {
			isa = PBXGroup;
			children = (
				6636B20422D9C53600D721C7 /* SpanishToEnglishLanguageQuiz */,
				6636B21922D9C53700D721C7 /* SpanishToEnglishLanguageQuizTests */,
				6636B22422D9C53700D721C7 /* SpanishToEnglishLanguageQuizUITests */,
				6636B20322D9C53600D721C7 /* Products */,
			);
			sourceTree = "<group>";
		};
		6636B20322D9C53600D721C7 /* Products */ = {
			isa = PBXGroup;
			children = (
				6636B20222D9C53600D721C7 /* SpanishToEnglishLanguageQuiz.app */,
				6636B21622D9C53700D721C7 /* SpanishToEnglishLanguageQuizTests.xctest */,
				6636B22122D9C53700D721C7 /* SpanishToEnglishLanguageQuizUITests.xctest */,
			);
			name = Products;
			sourceTree = "<group>";
		};
		6636B20422D9C53600D721C7 /* SpanishToEnglishLanguageQuiz */ = {
			isa = PBXGroup;
			children = (
				6636B23722D9C57000D721C7 /* ApplicationClass */,
				6636B23622D9C55D00D721C7 /* Controller */,
				6636B23522D9C55900D721C7 /* View */,
				6636B23422D9C55100D721C7 /* ViewModel */,
				6636B23322D9C53E00D721C7 /* Model */,
				6636B20922D9C53600D721C7 /* Main.storyboard */,
				6636B20C22D9C53700D721C7 /* Assets.xcassets */,
				6636B20E22D9C53700D721C7 /* LaunchScreen.storyboard */,
				6636B21122D9C53700D721C7 /* Info.plist */,
			);
			path = SpanishToEnglishLanguageQuiz;
			sourceTree = "<group>";
		};
		6636B21922D9C53700D721C7 /* SpanishToEnglishLanguageQuizTests */ = {
			isa = PBXGroup;
			children = (
				6636B21A22D9C53700D721C7 /* SpanishToEnglishLanguageQuizTests.swift */,
				6636B21C22D9C53700D721C7 /* Info.plist */,
			);
			path = SpanishToEnglishLanguageQuizTests;
			sourceTree = "<group>";
		};
		6636B22422D9C53700D721C7 /* SpanishToEnglishLanguageQuizUITests */ = {
			isa = PBXGroup;
			children = (
				6636B22522D9C53700D721C7 /* SpanishToEnglishLanguageQuizUITests.swift */,
				6636B22722D9C53700D721C7 /* Info.plist */,
			);
			path = SpanishToEnglishLanguageQuizUITests;
			sourceTree = "<group>";
		};
		6636B23322D9C53E00D721C7 /* Model */ = {
			isa = PBXGroup;
			children = (
			);
			path = Model;
			sourceTree = "<group>";
		};
		6636B23422D9C55100D721C7 /* ViewModel */ = {
			isa = PBXGroup;
			children = (
			);
			path = ViewModel;
			sourceTree = "<group>";
		};
		6636B23522D9C55900D721C7 /* View */ = {
			isa = PBXGroup;
			children = (
			);
			path = View;
			sourceTree = "<group>";
		};
		6636B23622D9C55D00D721C7 /* Controller */ = {
			isa = PBXGroup;
			children = (
				6636B20722D9C53600D721C7 /* SplashScreenViewController.swift */,
				6636B23822D9C5E800D721C7 /* TutorialViewController.swift */,
				6636B23C22D9C62A00D721C7 /* QuizTypeSelectionViewController.swift */,
				6636B24022D9C64E00D721C7 /* GamePlayViewController.swift */,
				6636B24422D9C66300D721C7 /* ScoreScreenViewController.swift */,
			);
			path = Controller;
			sourceTree = "<group>";
		};
		6636B23722D9C57000D721C7 /* ApplicationClass */ = {
			isa = PBXGroup;
			children = (
				6636B20522D9C53600D721C7 /* AppDelegate.swift */,
			);
			path = ApplicationClass;
			sourceTree = "<group>";
		};
/* End PBXGroup section */

/* Begin PBXNativeTarget section */
		6636B20122D9C53600D721C7 /* SpanishToEnglishLanguageQuiz */ = {
			isa = PBXNativeTarget;
			buildConfigurationList = 6636B22A22D9C53700D721C7 /* Build configuration list for PBXNativeTarget "SpanishToEnglishLanguageQuiz" */;
			buildPhases = (
				6636B1FE22D9C53600D721C7 /* Sources */,
				6636B1FF22D9C53600D721C7 /* Frameworks */,
				6636B20022D9C53600D721C7 /* Resources */,
			);
			buildRules = (
			);
			dependencies = (
			);
			name = SpanishToEnglishLanguageQuiz;
			productName = SpanishToEnglishLanguageQuiz;
			productReference = 6636B20222D9C53600D721C7 /* SpanishToEnglishLanguageQuiz.app */;
			productType = "com.apple.product-type.application";
		};
		6636B21522D9C53700D721C7 /* SpanishToEnglishLanguageQuizTests */ = {
			isa = PBXNativeTarget;
			buildConfigurationList = 6636B22D22D9C53700D721C7 /* Build configuration list for PBXNativeTarget "SpanishToEnglishLanguageQuizTests" */;
			buildPhases = (
				6636B21222D9C53700D721C7 /* Sources */,
				6636B21322D9C53700D721C7 /* Frameworks */,
				6636B21422D9C53700D721C7 /* Resources */,
			);
			buildRules = (
			);
			dependencies = (
				6636B21822D9C53700D721C7 /* PBXTargetDependency */,
			);
			name = SpanishToEnglishLanguageQuizTests;
			productName = SpanishToEnglishLanguageQuizTests;
			productReference = 6636B21622D9C53700D721C7 /* SpanishToEnglishLanguageQuizTests.xctest */;
			productType = "com.apple.product-type.bundle.unit-test";
		};
		6636B22022D9C53700D721C7 /* SpanishToEnglishLanguageQuizUITests */ = {
			isa = PBXNativeTarget;
			buildConfigurationList = 6636B23022D9C53700D721C7 /* Build configuration list for PBXNativeTarget "SpanishToEnglishLanguageQuizUITests" */;
			buildPhases = (
				6636B21D22D9C53700D721C7 /* Sources */,
				6636B21E22D9C53700D721C7 /* Frameworks */,
				6636B21F22D9C53700D721C7 /* Resources */,
			);
			buildRules = (
			);
			dependencies = (
				6636B22322D9C53700D721C7 /* PBXTargetDependency */,
			);
			name = SpanishToEnglishLanguageQuizUITests;
			productName = SpanishToEnglishLanguageQuizUITests;
			productReference = 6636B22122D9C53700D721C7 /* SpanishToEnglishLanguageQuizUITests.xctest */;
			productType = "com.apple.product-type.bundle.ui-testing";
		};
/* End PBXNativeTarget section */

/* Begin PBXProject section */
		6636B1FA22D9C53600D721C7 /* Project object */ = {
			isa = PBXProject;
			attributes = {
				LastSwiftUpdateCheck = 1020;
				LastUpgradeCheck = 1020;
				ORGANIZATIONNAME = "Mohammad Zulqarnain";
				TargetAttributes = {
					6636B20122D9C53600D721C7 = {
						CreatedOnToolsVersion = 10.2.1;
					};
					6636B21522D9C53700D721C7 = {
						CreatedOnToolsVersion = 10.2.1;
						TestTargetID = 6636B20122D9C53600D721C7;
					};
					6636B22022D9C53700D721C7 = {
						CreatedOnToolsVersion = 10.2.1;
						TestTargetID = 6636B20122D9C53600D721C7;
					};
				};
			};
			buildConfigurationList = 6636B1FD22D9C53600D721C7 /* Build configuration list for PBXProject "SpanishToEnglishLanguageQuiz" */;
			compatibilityVersion = "Xcode 9.3";
			developmentRegion = en;
			hasScannedForEncodings = 0;
			knownRegions = (
				en,
				Base,
			);
			mainGroup = 6636B1F922D9C53600D721C7;
			productRefGroup = 6636B20322D9C53600D721C7 /* Products */;
			projectDirPath = "";
			projectRoot = "";
			targets = (
				6636B20122D9C53600D721C7 /* SpanishToEnglishLanguageQuiz */,
				6636B21522D9C53700D721C7 /* SpanishToEnglishLanguageQuizTests */,
				6636B22022D9C53700D721C7 /* SpanishToEnglishLanguageQuizUITests */,
			);
		};
/* End PBXProject section */

/* Begin PBXResourcesBuildPhase section */
		6636B20022D9C53600D721C7 /* Resources */ = {
			isa = PBXResourcesBuildPhase;
			buildActionMask = 2147483647;
			files = (
				6636B21022D9C53700D721C7 /* LaunchScreen.storyboard in Resources */,
				6636B20D22D9C53700D721C7 /* Assets.xcassets in Resources */,
				6636B20B22D9C53600D721C7 /* Main.storyboard in Resources */,
			);
			runOnlyForDeploymentPostprocessing = 0;
		};
		6636B21422D9C53700D721C7 /* Resources */ = {
			isa = PBXResourcesBuildPhase;
			buildActionMask = 2147483647;
			files = (
			);
			runOnlyForDeploymentPostprocessing = 0;
		};
		6636B21F22D9C53700D721C7 /* Resources */ = {
			isa = PBXResourcesBuildPhase;
			buildActionMask = 2147483647;
			files = (
			);
			runOnlyForDeploymentPostprocessing = 0;
		};
/* End PBXResourcesBuildPhase section */

/* Begin PBXSourcesBuildPhase section */
		6636B1FE22D9C53600D721C7 /* Sources */ = {
			isa = PBXSourcesBuildPhase;
			buildActionMask = 2147483647;
			files = (
				6636B23D22D9C62A00D721C7 /* QuizTypeSelectionViewController.swift in Sources */,
				6636B24522D9C66300D721C7 /* ScoreScreenViewController.swift in Sources */,
				6636B24122D9C64E00D721C7 /* GamePlayViewController.swift in Sources */,
				6636B20822D9C53600D721C7 /* SplashScreenViewController.swift in Sources */,
				6636B23922D9C5E800D721C7 /* TutorialViewController.swift in Sources */,
				6636B20622D9C53600D721C7 /* AppDelegate.swift in Sources */,
			);
			runOnlyForDeploymentPostprocessing = 0;
		};
		6636B21222D9C53700D721C7 /* Sources */ = {
			isa = PBXSourcesBuildPhase;
			buildActionMask = 2147483647;
			files = (
				6636B23E22D9C62A00D721C7 /* QuizTypeSelectionViewController.swift in Sources */,
				6636B23A22D9C5E800D721C7 /* TutorialViewController.swift in Sources */,
				6636B24222D9C64E00D721C7 /* GamePlayViewController.swift in Sources */,
				6636B24622D9C66300D721C7 /* ScoreScreenViewController.swift in Sources */,
				6636B21B22D9C53700D721C7 /* SpanishToEnglishLanguageQuizTests.swift in Sources */,
			);
			runOnlyForDeploymentPostprocessing = 0;
		};
		6636B21D22D9C53700D721C7 /* Sources */ = {
			isa = PBXSourcesBuildPhase;
			buildActionMask = 2147483647;
			files = (
				6636B23F22D9C62A00D721C7 /* QuizTypeSelectionViewController.swift in Sources */,
				6636B23B22D9C5E800D721C7 /* TutorialViewController.swift in Sources */,
				6636B24322D9C64E00D721C7 /* GamePlayViewController.swift in Sources */,
				6636B24722D9C66300D721C7 /* ScoreScreenViewController.swift in Sources */,
				6636B22622D9C53700D721C7 /* SpanishToEnglishLanguageQuizUITests.swift in Sources */,
			);
			runOnlyForDeploymentPostprocessing = 0;
		};
/* End PBXSourcesBuildPhase section */

/* Begin PBXTargetDependency section */
		6636B21822D9C53700D721C7 /* PBXTargetDependency */ = {
			isa = PBXTargetDependency;
			target = 6636B20122D9C53600D721C7 /* SpanishToEnglishLanguageQuiz */;
			targetProxy = 6636B21722D9C53700D721C7 /* PBXContainerItemProxy */;
		};
		6636B22322D9C53700D721C7 /* PBXTargetDependency */ = {
			isa = PBXTargetDependency;
			target = 6636B20122D9C53600D721C7 /* SpanishToEnglishLanguageQuiz */;
			targetProxy = 6636B22222D9C53700D721C7 /* PBXContainerItemProxy */;
		};
/* End PBXTargetDependency section */

/* Begin PBXVariantGroup section */
		6636B20922D9C53600D721C7 /* Main.storyboard */ = {
			isa = PBXVariantGroup;
			children = (
				6636B20A22D9C53600D721C7 /* Base */,
			);
			name = Main.storyboard;
			sourceTree = "<group>";
		};
		6636B20E22D9C53700D721C7 /* LaunchScreen.storyboard */ = {
			isa = PBXVariantGroup;
			children = (
				6636B20F22D9C53700D721C7 /* Base */,
			);
			name = LaunchScreen.storyboard;
			sourceTree = "<group>";
		};
/* End PBXVariantGroup section */

/* Begin XCBuildConfiguration section */
		6636B22822D9C53700D721C7 /* Debug */ = {
			isa = XCBuildConfiguration;
			buildSettings = {
				ALWAYS_SEARCH_USER_PATHS = NO;
				CLANG_ANALYZER_NONNULL = YES;
				CLANG_ANALYZER_NUMBER_OBJECT_CONVERSION = YES_AGGRESSIVE;
				CLANG_CXX_LANGUAGE_STANDARD = "gnu++14";
				CLANG_CXX_LIBRARY = "libc++";
				CLANG_ENABLE_MODULES = YES;
				CLANG_ENABLE_OBJC_ARC = YES;
				CLANG_ENABLE_OBJC_WEAK = YES;
				CLANG_WARN_BLOCK_CAPTURE_AUTORELEASING = YES;
				CLANG_WARN_BOOL_CONVERSION = YES;
				CLANG_WARN_COMMA = YES;
				CLANG_WARN_CONSTANT_CONVERSION = YES;
				CLANG_WARN_DEPRECATED_OBJC_IMPLEMENTATIONS = YES;
				CLANG_WARN_DIRECT_OBJC_ISA_USAGE = YES_ERROR;
				CLANG_WARN_DOCUMENTATION_COMMENTS = YES;
				CLANG_WARN_EMPTY_BODY = YES;
				CLANG_WARN_ENUM_CONVERSION = YES;
				CLANG_WARN_INFINITE_RECURSION = YES;
				CLANG_WARN_INT_CONVERSION = YES;
				CLANG_WARN_NON_LITERAL_NULL_CONVERSION = YES;
				CLANG_WARN_OBJC_IMPLICIT_RETAIN_SELF = YES;
				CLANG_WARN_OBJC_LITERAL_CONVERSION = YES;
				CLANG_WARN_OBJC_ROOT_CLASS = YES_ERROR;
				CLANG_WARN_RANGE_LOOP_ANALYSIS = YES;
				CLANG_WARN_STRICT_PROTOTYPES = YES;
				CLANG_WARN_SUSPICIOUS_MOVE = YES;
				CLANG_WARN_UNGUARDED_AVAILABILITY = YES_AGGRESSIVE;
				CLANG_WARN_UNREACHABLE_CODE = YES;
				CLANG_WARN__DUPLICATE_METHOD_MATCH = YES;
				CODE_SIGN_IDENTITY = "iPhone Developer";
				COPY_PHASE_STRIP = NO;
				DEBUG_INFORMATION_FORMAT = dwarf;
				ENABLE_STRICT_OBJC_MSGSEND = YES;
				ENABLE_TESTABILITY = YES;
				GCC_C_LANGUAGE_STANDARD = gnu11;
				GCC_DYNAMIC_NO_PIC = NO;
				GCC_NO_COMMON_BLOCKS = YES;
				GCC_OPTIMIZATION_LEVEL = 0;
				GCC_PREPROCESSOR_DEFINITIONS = (
					"DEBUG=1",
					"$(inherited)",
				);
				GCC_WARN_64_TO_32_BIT_CONVERSION = YES;
				GCC_WARN_ABOUT_RETURN_TYPE = YES_ERROR;
				GCC_WARN_UNDECLARED_SELECTOR = YES;
				GCC_WARN_UNINITIALIZED_AUTOS = YES_AGGRESSIVE;
				GCC_WARN_UNUSED_FUNCTION = YES;
				GCC_WARN_UNUSED_VARIABLE = YES;
				IPHONEOS_DEPLOYMENT_TARGET = 12.2;
				MTL_ENABLE_DEBUG_INFO = INCLUDE_SOURCE;
				MTL_FAST_MATH = YES;
				ONLY_ACTIVE_ARCH = YES;
				SDKROOT = iphoneos;
				SWIFT_ACTIVE_COMPILATION_CONDITIONS = DEBUG;
				SWIFT_OPTIMIZATION_LEVEL = "-Onone";
			};
			name = Debug;
		};
		6636B22922D9C53700D721C7 /* Release */ = {
			isa = XCBuildConfiguration;
			buildSettings = {
				ALWAYS_SEARCH_USER_PATHS = NO;
				CLANG_ANALYZER_NONNULL = YES;
				CLANG_ANALYZER_NUMBER_OBJECT_CONVERSION = YES_AGGRESSIVE;
				CLANG_CXX_LANGUAGE_STANDARD = "gnu++14";
				CLANG_CXX_LIBRARY = "libc++";
				CLANG_ENABLE_MODULES = YES;
				CLANG_ENABLE_OBJC_ARC = YES;
				CLANG_ENABLE_OBJC_WEAK = YES;
				CLANG_WARN_BLOCK_CAPTURE_AUTORELEASING = YES;
				CLANG_WARN_BOOL_CONVERSION = YES;
				CLANG_WARN_COMMA = YES;
				CLANG_WARN_CONSTANT_CONVERSION = YES;
				CLANG_WARN_DEPRECATED_OBJC_IMPLEMENTATIONS = YES;
				CLANG_WARN_DIRECT_OBJC_ISA_USAGE = YES_ERROR;
				CLANG_WARN_DOCUMENTATION_COMMENTS = YES;
				CLANG_WARN_EMPTY_BODY = YES;
				CLANG_WARN_ENUM_CONVERSION = YES;
				CLANG_WARN_INFINITE_RECURSION = YES;
				CLANG_WARN_INT_CONVERSION = YES;
				CLANG_WARN_NON_LITERAL_NULL_CONVERSION = YES;
				CLANG_WARN_OBJC_IMPLICIT_RETAIN_SELF = YES;
				CLANG_WARN_OBJC_LITERAL_CONVERSION = YES;
				CLANG_WARN_OBJC_ROOT_CLASS = YES_ERROR;
				CLANG_WARN_RANGE_LOOP_ANALYSIS = YES;
				CLANG_WARN_STRICT_PROTOTYPES = YES;
				CLANG_WARN_SUSPICIOUS_MOVE = YES;
				CLANG_WARN_UNGUARDED_AVAILABILITY = YES_AGGRESSIVE;
				CLANG_WARN_UNREACHABLE_CODE = YES;
				CLANG_WARN__DUPLICATE_METHOD_MATCH = YES;
				CODE_SIGN_IDENTITY = "iPhone Developer";
				COPY_PHASE_STRIP = NO;
				DEBUG_INFORMATION_FORMAT = "dwarf-with-dsym";
				ENABLE_NS_ASSERTIONS = NO;
				ENABLE_STRICT_OBJC_MSGSEND = YES;
				GCC_C_LANGUAGE_STANDARD = gnu11;
				GCC_NO_COMMON_BLOCKS = YES;
				GCC_WARN_64_TO_32_BIT_CONVERSION = YES;
				GCC_WARN_ABOUT_RETURN_TYPE = YES_ERROR;
				GCC_WARN_UNDECLARED_SELECTOR = YES;
				GCC_WARN_UNINITIALIZED_AUTOS = YES_AGGRESSIVE;
				GCC_WARN_UNUSED_FUNCTION = YES;
				GCC_WARN_UNUSED_VARIABLE = YES;
				IPHONEOS_DEPLOYMENT_TARGET = 12.2;
				MTL_ENABLE_DEBUG_INFO = NO;
				MTL_FAST_MATH = YES;
				SDKROOT = iphoneos;
				SWIFT_COMPILATION_MODE = wholemodule;
				SWIFT_OPTIMIZATION_LEVEL = "-O";
				VALIDATE_PRODUCT = YES;
			};
			name = Release;
		};
		6636B22B22D9C53700D721C7 /* Debug */ = {
			isa = XCBuildConfiguration;
			buildSettings = {
				ASSETCATALOG_COMPILER_APPICON_NAME = AppIcon;
				CODE_SIGN_STYLE = Automatic;
				INFOPLIST_FILE = SpanishToEnglishLanguageQuiz/Info.plist;
				LD_RUNPATH_SEARCH_PATHS = (
					"$(inherited)",
					"@executable_path/Frameworks",
				);
				PRODUCT_BUNDLE_IDENTIFIER = com.binary.leaf.SpanishToEnglishLanguageQuiz;
				PRODUCT_NAME = "$(TARGET_NAME)";
				SWIFT_VERSION = 5.0;
				TARGETED_DEVICE_FAMILY = "1,2";
			};
			name = Debug;
		};
		6636B22C22D9C53700D721C7 /* Release */ = {
			isa = XCBuildConfiguration;
			buildSettings = {
				ASSETCATALOG_COMPILER_APPICON_NAME = AppIcon;
				CODE_SIGN_STYLE = Automatic;
				INFOPLIST_FILE = SpanishToEnglishLanguageQuiz/Info.plist;
				LD_RUNPATH_SEARCH_PATHS = (
					"$(inherited)",
					"@executable_path/Frameworks",
				);
				PRODUCT_BUNDLE_IDENTIFIER = com.binary.leaf.SpanishToEnglishLanguageQuiz;
				PRODUCT_NAME = "$(TARGET_NAME)";
				SWIFT_VERSION = 5.0;
				TARGETED_DEVICE_FAMILY = "1,2";
			};
			name = Release;
		};
		6636B22E22D9C53700D721C7 /* Debug */ = {
			isa = XCBuildConfiguration;
			buildSettings = {
				ALWAYS_EMBED_SWIFT_STANDARD_LIBRARIES = YES;
				BUNDLE_LOADER = "$(TEST_HOST)";
				CODE_SIGN_STYLE = Automatic;
				INFOPLIST_FILE = SpanishToEnglishLanguageQuizTests/Info.plist;
				LD_RUNPATH_SEARCH_PATHS = (
					"$(inherited)",
					"@executable_path/Frameworks",
					"@loader_path/Frameworks",
				);
				PRODUCT_BUNDLE_IDENTIFIER = com.binary.leaf.SpanishToEnglishLanguageQuizTests;
				PRODUCT_NAME = "$(TARGET_NAME)";
				SWIFT_VERSION = 5.0;
				TARGETED_DEVICE_FAMILY = "1,2";
				TEST_HOST = "$(BUILT_PRODUCTS_DIR)/SpanishToEnglishLanguageQuiz.app/SpanishToEnglishLanguageQuiz";
			};
			name = Debug;
		};
		6636B22F22D9C53700D721C7 /* Release */ = {
			isa = XCBuildConfiguration;
			buildSettings = {
				ALWAYS_EMBED_SWIFT_STANDARD_LIBRARIES = YES;
				BUNDLE_LOADER = "$(TEST_HOST)";
				CODE_SIGN_STYLE = Automatic;
				INFOPLIST_FILE = SpanishToEnglishLanguageQuizTests/Info.plist;
				LD_RUNPATH_SEARCH_PATHS = (
					"$(inherited)",
					"@executable_path/Frameworks",
					"@loader_path/Frameworks",
				);
				PRODUCT_BUNDLE_IDENTIFIER = com.binary.leaf.SpanishToEnglishLanguageQuizTests;
				PRODUCT_NAME = "$(TARGET_NAME)";
				SWIFT_VERSION = 5.0;
				TARGETED_DEVICE_FAMILY = "1,2";
				TEST_HOST = "$(BUILT_PRODUCTS_DIR)/SpanishToEnglishLanguageQuiz.app/SpanishToEnglishLanguageQuiz";
			};
			name = Release;
		};
		6636B23122D9C53700D721C7 /* Debug */ = {
			isa = XCBuildConfiguration;
			buildSettings = {
				ALWAYS_EMBED_SWIFT_STANDARD_LIBRARIES = YES;
				CODE_SIGN_STYLE = Automatic;
				INFOPLIST_FILE = SpanishToEnglishLanguageQuizUITests/Info.plist;
				LD_RUNPATH_SEARCH_PATHS = (
					"$(inherited)",
					"@executable_path/Frameworks",
					"@loader_path/Frameworks",
				);
				PRODUCT_BUNDLE_IDENTIFIER = com.binary.leaf.SpanishToEnglishLanguageQuizUITests;
				PRODUCT_NAME = "$(TARGET_NAME)";
				SWIFT_VERSION = 5.0;
				TARGETED_DEVICE_FAMILY = "1,2";
				TEST_TARGET_NAME = SpanishToEnglishLanguageQuiz;
			};
			name = Debug;
		};
		6636B23222D9C53700D721C7 /* Release */ = {
			isa = XCBuildConfiguration;
			buildSettings = {
				ALWAYS_EMBED_SWIFT_STANDARD_LIBRARIES = YES;
				CODE_SIGN_STYLE = Automatic;
				INFOPLIST_FILE = SpanishToEnglishLanguageQuizUITests/Info.plist;
				LD_RUNPATH_SEARCH_PATHS = (
					"$(inherited)",
					"@executable_path/Frameworks",
					"@loader_path/Frameworks",
				);
				PRODUCT_BUNDLE_IDENTIFIER = com.binary.leaf.SpanishToEnglishLanguageQuizUITests;
				PRODUCT_NAME = "$(TARGET_NAME)";
				SWIFT_VERSION = 5.0;
				TARGETED_DEVICE_FAMILY = "1,2";
				TEST_TARGET_NAME = SpanishToEnglishLanguageQuiz;
			};
			name = Release;
		};
/* End XCBuildConfiguration section */

/* Begin XCConfigurationList section */
		6636B1FD22D9C53600D721C7 /* Build configuration list for PBXProject "SpanishToEnglishLanguageQuiz" */ = {
			isa = XCConfigurationList;
			buildConfigurations = (
				6636B22822D9C53700D721C7 /* Debug */,
				6636B22922D9C53700D721C7 /* Release */,
			);
			defaultConfigurationIsVisible = 0;
			defaultConfigurationName = Release;
		};
		6636B22A22D9C53700D721C7 /* Build configuration list for PBXNativeTarget "SpanishToEnglishLanguageQuiz" */ = {
			isa = XCConfigurationList;
			buildConfigurations = (
				6636B22B22D9C53700D721C7 /* Debug */,
				6636B22C22D9C53700D721C7 /* Release */,
			);
			defaultConfigurationIsVisible = 0;
			defaultConfigurationName = Release;
		};
		6636B22D22D9C53700D721C7 /* Build configuration list for PBXNativeTarget "SpanishToEnglishLanguageQuizTests" */ = {
			isa = XCConfigurationList;
			buildConfigurations = (
				6636B22E22D9C53700D721C7 /* Debug */,
				6636B22F22D9C53700D721C7 /* Release */,
			);
			defaultConfigurationIsVisible = 0;
			defaultConfigurationName = Release;
		};
		6636B23022D9C53700D721C7 /* Build configuration list for PBXNativeTarget "SpanishToEnglishLanguageQuizUITests" */ = {
			isa = XCConfigurationList;
			buildConfigurations = (
				6636B23122D9C53700D721C7 /* Debug */,
				6636B23222D9C53700D721C7 /* Release */,
			);
			defaultConfigurationIsVisible = 0;
			defaultConfigurationName = Release;
		};
/* End XCConfigurationList section */
	};
	rootObject = 6636B1FA22D9C53600D721C7 /* Project object */;
}
